
Microsoft Visual Studio Solution File, Format Version 12.00
# Visual Studio Version 16
VisualStudioVersion = 16.0.30711.63
MinimumVisualStudioVersion = 10.0.40219.1
Project("{FAE04EC0-301F-11D3-BF4B-00C04F79EFBC}") = "BlazorNetConfPuebla.Server", "BlazorNetConfPuebla\Server\BlazorNetConfPuebla.Server.csproj", "{5EAA5460-D6A9-4CD9-9589-506702370749}"
EndProject
Project("{FAE04EC0-301F-11D3-BF4B-00C04F79EFBC}") = "BlazorNetConfPuebla.Client", "BlazorNetConfPuebla\Client\BlazorNetConfPuebla.Client.csproj", "{A098A843-8EA2-4997-BC72-A388298A19CE}"
EndProject
Project("{FAE04EC0-301F-11D3-BF4B-00C04F79EFBC}") = "BlazorNetConfPuebla.Shared", "BlazorNetConfPuebla\Shared\BlazorNetConfPuebla.Shared.csproj", "{9ACF38B6-4CC8-4167-B91C-936359AD1FCC}"
EndProject
Global
	GlobalSection(SolutionConfigurationPlatforms) = preSolution
		Debug|Any CPU = Debug|Any CPU
		Release|Any CPU = Release|Any CPU
	EndGlobalSection
	GlobalSection(ProjectConfigurationPlatforms) = postSolution
		{5EAA5460-D6A9-4CD9-9589-506702370749}.Debug|Any CPU.ActiveCfg = Debug|Any CPU
		{5EAA5460-D6A9-4CD9-9589-506702370749}.Debug|Any CPU.Build.0 = Debug|Any CPU
		{5EAA5460-D6A9-4CD9-9589-506702370749}.Release|Any CPU.ActiveCfg = Release|Any CPU
		{5EAA5460-D6A9-4CD9-9589-506702370749}.Release|Any CPU.Build.0 = Release|Any CPU
		{A098A843-8EA2-4997-BC72-A388298A19CE}.Debug|Any CPU.ActiveCfg = Debug|Any CPU
		{A098A843-8EA2-4997-BC72-A388298A19CE}.Debug|Any CPU.Build.0 = Debug|Any CPU
		{A098A843-8EA2-4997-BC72-A388298A19CE}.Release|Any CPU.ActiveCfg = Release|Any CPU
		{A098A843-8EA2-4997-BC72-A388298A19CE}.Release|Any CPU.Build.0 = Release|Any CPU
		{9ACF38B6-4CC8-4167-B91C-936359AD1FCC}.Debug|Any CPU.ActiveCfg = Debug|Any CPU
		{9ACF38B6-4CC8-4167-B91C-936359AD1FCC}.Debug|Any CPU.Build.0 = Debug|Any CPU
		{9ACF38B6-4CC8-4167-B91C-936359AD1FCC}.Release|Any CPU.ActiveCfg = Release|Any CPU
		{9ACF38B6-4CC8-4167-B91C-936359AD1FCC}.Release|Any CPU.Build.0 = Release|Any CPU
	EndGlobalSection
	GlobalSection(SolutionProperties) = preSolution
		HideSolutionNode = FALSE
	EndGlobalSection
	GlobalSection(ExtensibilityGlobals) = postSolution
		SolutionGuid = {A7A1FFB5-2FC6-4D35-868F-4CB6D707CE96}
	EndGlobalSection
EndGlobal
